
Microsoft Visual Studio Solution File, Format Version 12.00
# Visual Studio Version 16
VisualStudioVersion = 16.0.32228.343
MinimumVisualStudioVersion = 10.0.40219.1
Project("{8BC9CEB8-8B4A-11D0-8D11-00A0C91BC942}") = "CPP_static", "CPP_static\CPP_static.vcxproj", "{CB5250C3-CF0F-4762-AD06-779BD57492BB}"
EndProject
Global
	GlobalSection(SolutionConfigurationPlatforms) = preSolution
		Debug|x64 = Debug|x64
		Debug|x86 = Debug|x86
		Release|x64 = Release|x64
		Release|x86 = Release|x86
	EndGlobalSection
	GlobalSection(ProjectConfigurationPlatforms) = postSolution
		{CB5250C3-CF0F-4762-AD06-779BD57492BB}.Debug|x64.ActiveCfg = Debug|x64
		{CB5250C3-CF0F-4762-AD06-779BD57492BB}.Debug|x64.Build.0 = Debug|x64
		{CB5250C3-CF0F-4762-AD06-779BD57492BB}.Debug|x86.ActiveCfg = Debug|Win32
		{CB5250C3-CF0F-4762-AD06-779BD57492BB}.Debug|x86.Build.0 = Debug|Win32
		{CB5250C3-CF0F-4762-AD06-779BD57492BB}.Release|x64.ActiveCfg = Release|x64
		{CB5250C3-CF0F-4762-AD06-779BD57492BB}.Release|x64.Build.0 = Release|x64
		{CB5250C3-CF0F-4762-AD06-779BD57492BB}.Release|x86.ActiveCfg = Release|Win32
		{CB5250C3-CF0F-4762-AD06-779BD57492BB}.Release|x86.Build.0 = Release|Win32
	EndGlobalSection
	GlobalSection(SolutionProperties) = preSolution
		HideSolutionNode = FALSE
	EndGlobalSection
	GlobalSection(ExtensibilityGlobals) = postSolution
		SolutionGuid = {590452B3-0F0E-4354-BFBC-70F339C8411E}
	EndGlobalSection
EndGlobal
